
Microsoft Visual Studio Solution File, Format Version 12.00
# Visual Studio Version 17
VisualStudioVersion = 17.3.32929.385
MinimumVisualStudioVersion = 10.0.40219.1
Project("{FAE04EC0-301F-11D3-BF4B-00C04F79EFBC}") = "EMS", "EMS\EMS.csproj", "{6EB1554A-1A8F-4907-BCAC-2C99A9C7AF61}"
EndProject
Global
	GlobalSection(SolutionConfigurationPlatforms) = preSolution
		Debug|Any CPU = Debug|Any CPU
		Release|Any CPU = Release|Any CPU
	EndGlobalSection
	GlobalSection(ProjectConfigurationPlatforms) = postSolution
		{6EB1554A-1A8F-4907-BCAC-2C99A9C7AF61}.Debug|Any CPU.ActiveCfg = Debug|Any CPU
		{6EB1554A-1A8F-4907-BCAC-2C99A9C7AF61}.Debug|Any CPU.Build.0 = Debug|Any CPU
		{6EB1554A-1A8F-4907-BCAC-2C99A9C7AF61}.Release|Any CPU.ActiveCfg = Release|Any CPU
		{6EB1554A-1A8F-4907-BCAC-2C99A9C7AF61}.Release|Any CPU.Build.0 = Release|Any CPU
	EndGlobalSection
	GlobalSection(SolutionProperties) = preSolution
		HideSolutionNode = FALSE
	EndGlobalSection
	GlobalSection(ExtensibilityGlobals) = postSolution
		SolutionGuid = {0080DD08-631E-44F4-A4E8-FFB1B0E4F0A4}
	EndGlobalSection
EndGlobal
